{
  "name": "resources",
  "version": "1.0.0",
  "lockfileVersion": 1,
  "requires": true,
  "dependencies": {
    "@aws-cdk/assets": {
      "version": "1.20.0",
      "resolved": "https://registry.npmjs.org/@aws-cdk/assets/-/assets-1.20.0.tgz",
      "integrity": "sha512-ePvt5D9L0kY3Fv82qqkgSIdnlZ9hRlbAXz9nxIwEERAzV72ym6qVs8DDzxqI3LnwNUcb/Tf46zXWAXUjrVBxGA==",
      "requires": {
        "@aws-cdk/core": "1.20.0",
        "@aws-cdk/cx-api": "1.20.0",
        "minimatch": "^3.0.4"
      },
      "dependencies": {
        "balanced-match": {
          "version": "1.0.0",
          "bundled": true
        },
        "brace-expansion": {
          "version": "1.1.11",
          "bundled": true,
          "requires": {
            "balanced-match": "^1.0.0",
            "concat-map": "0.0.1"
          }
        },
        "concat-map": {
          "version": "0.0.1",
          "bundled": true
        },
        "minimatch": {
          "version": "3.0.4",
          "bundled": true,
          "requires": {
            "brace-expansion": "^1.1.7"
          }
        }
      }
    },
    "@aws-cdk/aws-cloudwatch": {
      "version": "1.20.0",
      "resolved": "https://registry.npmjs.org/@aws-cdk/aws-cloudwatch/-/aws-cloudwatch-1.20.0.tgz",
      "integrity": "sha512-wveQg1AmeU6yeirNOmjmvJMLbVfOWHnDfXQ5sva7aoQYei9SJsJdyJ3V78WA+7IKXZFcg4BIwuhHvkQfv7s4LA==",
      "requires": {
        "@aws-cdk/aws-iam": "1.20.0",
        "@aws-cdk/core": "1.20.0"
      }
    },
    "@aws-cdk/aws-ec2": {
      "version": "1.20.0",
      "resolved": "https://registry.npmjs.org/@aws-cdk/aws-ec2/-/aws-ec2-1.20.0.tgz",
      "integrity": "sha512-z5w+0/ysCu+L+o1H4gXIyt/zPhZ3nm3Ts/HybNr5C3ZRk5adSe1rkDC5rQBfRJTqW9NVXvwjABUTYiVla4nwaQ==",
      "requires": {
        "@aws-cdk/aws-cloudwatch": "1.20.0",
        "@aws-cdk/aws-iam": "1.20.0",
        "@aws-cdk/aws-ssm": "1.20.0",
        "@aws-cdk/core": "1.20.0",
        "@aws-cdk/cx-api": "1.20.0"
      }
    },
    "@aws-cdk/aws-events": {
      "version": "1.20.0",
      "resolved": "https://registry.npmjs.org/@aws-cdk/aws-events/-/aws-events-1.20.0.tgz",
      "integrity": "sha512-Szqq0VO4A2RDhz1SL3k1I37gAIvN3oKSaCSM+Kl5ueBmoQfNu5jIF5YxADovKkUxPH0iGKKQ9ANrSzGEE/nUtA==",
      "requires": {
        "@aws-cdk/aws-iam": "1.20.0",
        "@aws-cdk/core": "1.20.0"
      }
    },
    "@aws-cdk/aws-iam": {
      "version": "1.20.0",
      "resolved": "https://registry.npmjs.org/@aws-cdk/aws-iam/-/aws-iam-1.20.0.tgz",
      "integrity": "sha512-N6PaE8H1jS4VuXG8Wjg3no7gAoqWKmPT/phzS2YSTU7RjFPq5lc/dgHp0229P1tBPFd89+8eSdLJ29pv7bsYzA==",
      "requires": {
        "@aws-cdk/core": "1.20.0",
        "@aws-cdk/region-info": "1.20.0"
      }
    },
    "@aws-cdk/aws-kms": {
      "version": "1.20.0",
      "resolved": "https://registry.npmjs.org/@aws-cdk/aws-kms/-/aws-kms-1.20.0.tgz",
      "integrity": "sha512-QoQJgqS+sXu1Btv7cWiY3FDElgD/Gtac6uTPg4VAYTiOC3MD0P9Z4Sf+fM7QHypGT9ugnuzTzn/lYnmMJGwoXQ==",
      "requires": {
        "@aws-cdk/aws-iam": "1.20.0",
        "@aws-cdk/core": "1.20.0"
      }
    },
    "@aws-cdk/aws-lambda": {
      "version": "1.20.0",
      "resolved": "https://registry.npmjs.org/@aws-cdk/aws-lambda/-/aws-lambda-1.20.0.tgz",
      "integrity": "sha512-a+Qfr+Og37vMeXjOn+j33OVfCsk+JWaohWbo8fTBzJ6Ec6VmTBTOgs3UeZMNizBitxS+tOgZIXlAy7tO8+kGvw==",
      "requires": {
        "@aws-cdk/aws-cloudwatch": "1.20.0",
        "@aws-cdk/aws-ec2": "1.20.0",
        "@aws-cdk/aws-events": "1.20.0",
        "@aws-cdk/aws-iam": "1.20.0",
        "@aws-cdk/aws-logs": "1.20.0",
        "@aws-cdk/aws-s3": "1.20.0",
        "@aws-cdk/aws-s3-assets": "1.20.0",
        "@aws-cdk/aws-sqs": "1.20.0",
        "@aws-cdk/core": "1.20.0",
        "@aws-cdk/cx-api": "1.20.0"
      }
    },
    "@aws-cdk/aws-logs": {
      "version": "1.20.0",
      "resolved": "https://registry.npmjs.org/@aws-cdk/aws-logs/-/aws-logs-1.20.0.tgz",
      "integrity": "sha512-GTtU63P2UVLRZL6978vXb2VDT/0SzSh6O4EQBj363v3T7PqYc4B9ONVcFti7ajD01+ltItwmNYhfzZ2vv+/3jA==",
      "requires": {
        "@aws-cdk/aws-cloudwatch": "1.20.0",
        "@aws-cdk/aws-iam": "1.20.0",
        "@aws-cdk/core": "1.20.0"
      }
    },
    "@aws-cdk/aws-s3": {
      "version": "1.20.0",
      "resolved": "https://registry.npmjs.org/@aws-cdk/aws-s3/-/aws-s3-1.20.0.tgz",
      "integrity": "sha512-ZbQjpeoEPJF9JOftFsj1Mn4nZUOjj/rufj2Ws7wrymDkjjXO7AsZQCVEthsyN1//37zD0Ny65mUatOXhmDNWMA==",
      "requires": {
        "@aws-cdk/aws-events": "1.20.0",
        "@aws-cdk/aws-iam": "1.20.0",
        "@aws-cdk/aws-kms": "1.20.0",
        "@aws-cdk/core": "1.20.0"
      }
    },
    "@aws-cdk/aws-s3-assets": {
      "version": "1.20.0",
      "resolved": "https://registry.npmjs.org/@aws-cdk/aws-s3-assets/-/aws-s3-assets-1.20.0.tgz",
      "integrity": "sha512-G2vaSYnb31OlQfMh70kMZtC4DUaRKx64l+tjnm/LzCBd1X+IZU5++4Qq/1Y4w3iLju10pedhl9bCHfuxeXU2+A==",
      "requires": {
        "@aws-cdk/assets": "1.20.0",
        "@aws-cdk/aws-iam": "1.20.0",
        "@aws-cdk/aws-s3": "1.20.0",
        "@aws-cdk/core": "1.20.0",
        "@aws-cdk/cx-api": "1.20.0"
      }
    },
    "@aws-cdk/aws-sqs": {
      "version": "1.20.0",
      "resolved": "https://registry.npmjs.org/@aws-cdk/aws-sqs/-/aws-sqs-1.20.0.tgz",
      "integrity": "sha512-uM+Fc89THXSGpERCNP2C7FLMNtM5Yv9692cz5TMHXZRxmdTnmXVTbzoOXw4v13mH+Y7rEl1z4JBTr4QYIRXQWw==",
      "requires": {
        "@aws-cdk/aws-cloudwatch": "1.20.0",
        "@aws-cdk/aws-iam": "1.20.0",
        "@aws-cdk/aws-kms": "1.20.0",
        "@aws-cdk/core": "1.20.0"
      }
    },
    "@aws-cdk/aws-ssm": {
      "version": "1.20.0",
      "resolved": "https://registry.npmjs.org/@aws-cdk/aws-ssm/-/aws-ssm-1.20.0.tgz",
      "integrity": "sha512-JM1oMEgkPR8lZAaTGfA/u/83DXdOr0wH41wr1GXhjfkJae57ojp0kdqMwoe71DBcU1RbFSjadGGP+5iDvSliEA==",
      "requires": {
        "@aws-cdk/aws-iam": "1.20.0",
        "@aws-cdk/aws-kms": "1.20.0",
        "@aws-cdk/core": "1.20.0",
        "@aws-cdk/cx-api": "1.20.0"
      }
    },
    "@aws-cdk/core": {
      "version": "1.20.0",
      "resolved": "https://registry.npmjs.org/@aws-cdk/core/-/core-1.20.0.tgz",
      "integrity": "sha512-nzgNG4P583IkEdpaskx5/6L+xTDQ3qyxi++bb2QgGlH1VEjU80/pexRCduuSIyejcWq2pe8c5PHaXjHzvO7xpA==",
      "requires": {
        "@aws-cdk/cx-api": "1.20.0"
      }
    },
    "@aws-cdk/cx-api": {
      "version": "1.20.0",
      "resolved": "https://registry.npmjs.org/@aws-cdk/cx-api/-/cx-api-1.20.0.tgz",
      "integrity": "sha512-Ih16M19CXBkA6e3LFuf3aquhAJnNRUWAfRuj+gk/wS4JeaTa7mqFU4e2fAb8nHFhFho9YcW7QLCd3GW3HiBvWA==",
      "requires": {
        "semver": "^7.1.1"
      },
      "dependencies": {
        "semver": {
          "version": "7.1.1",
          "bundled": true
        }
      }
    },
    "@aws-cdk/region-info": {
      "version": "1.20.0",
      "resolved": "https://registry.npmjs.org/@aws-cdk/region-info/-/region-info-1.20.0.tgz",
      "integrity": "sha512-72APXy2/ggQuvssCnyP8/3mx4j1ZWcYm2tm8lcgEcJPIQvb/WDaTCVsKEKRJtXSJIWa/jyCgZqtQ7ptvgerrYw=="
    },
    "eliza-as-promised": {
      "version": "0.0.2",
      "resolved": "https://registry.npmjs.org/eliza-as-promised/-/eliza-as-promised-0.0.2.tgz",
      "integrity": "sha512-irVdyCC0bSWizqPUWIyy9Y8jFUGM8dN7L05rtjbe9ihRVlaWVdLvO/6uCJ61CsFnFzkdGmaxkZVtvp2LIEC1kA=="
    }
  }
}
